version = 1
revision = 3
requires-python = ">=3.12"

[[package]]
name = "backend"
version = "0.1.0"
source = { virtual = "." }
dependencies = [
    { name = "python-multipart" },
]

[package.metadata]
requires-dist = [{ name = "python-multipart", specifier = ">=0.0.26" }]

[[package]]
name = "python-multipart"
version = "0.0.26"
source = { registry = "https://pypi.org/simple" }
sdist = { url = "https://files.pythonhosted.org/packages/88/71/b145a380824a960ebd60e1014256dbb7d2253f2316ff2d73dfd8928ec2c3/python_multipart-0.0.26.tar.gz", hash = "sha256:08fadc45918cd615e26846437f50c5d6d23304da32c341f289a617127b081f17", size = 43501, upload-time = "2026-04-10T14:09:59.473Z" }
wheels = [
    { url = "https://files.pythonhosted.org/packages/9a/22/f1925cdda983ab66fc8ec6ec8014b959262747e58bdca26a4e3d1da29d56/python_multipart-0.0.26-py3-none-any.whl", hash = "sha256:c0b169f8c4484c13b0dcf2ef0ec3a4adb255c4b7d18d8e420477d2b1dd03f185", size = 28847, upload-time = "2026-04-10T14:09:58.131Z" },
]
